// !$*UTF8*$!
{
	archiveVersion = 1;
	classes = {
	};
	objectVersion = 56;
	objects = {

/* Begin PBXBuildFile section */
		AC4F410A2B5CBA980002E289 /* TrainingDetailView.swift in Sources */ = {isa = PBXBuildFile; fileRef = AC4F41092B5CBA980002E289 /* TrainingDetailView.swift */; };
		AC4F410C2B5CD02F0002E289 /* SplashScreen.swift in Sources */ = {isa = PBXBuildFile; fileRef = AC4F410B2B5CD02F0002E289 /* SplashScreen.swift */; };
		ACD0BC002B4FC4BA0096EEDA /* TrainingListRow.swift in Sources */ = {isa = PBXBuildFile; fileRef = ACD0BBFF2B4FC4BA0096EEDA /* TrainingListRow.swift */; };
		ACD0BC022B4FC5400096EEDA /* TrainingListView.swift in Sources */ = {isa = PBXBuildFile; fileRef = ACD0BC012B4FC5400096EEDA /* TrainingListView.swift */; };
		ACD0BC062B4FC6460096EEDA /* TrainingListViewModel.swift in Sources */ = {isa = PBXBuildFile; fileRef = ACD0BC052B4FC6460096EEDA /* TrainingListViewModel.swift */; };
		ACD0BC092B4FC6DF0096EEDA /* TrainingDataSource.swift in Sources */ = {isa = PBXBuildFile; fileRef = ACD0BC082B4FC6DF0096EEDA /* TrainingDataSource.swift */; };
		ACD0BC0B2B4FC70E0096EEDA /* TrainingDataSourceDelegate.swift in Sources */ = {isa = PBXBuildFile; fileRef = ACD0BC0A2B4FC70E0096EEDA /* TrainingDataSourceDelegate.swift */; };
		ACD0BC0E2B4FC7610096EEDA /* Training.swift in Sources */ = {isa = PBXBuildFile; fileRef = ACD0BC0D2B4FC7610096EEDA /* Training.swift */; };
		ACD0BC102B4FC76C0096EEDA /* TrainingResponse.swift in Sources */ = {isa = PBXBuildFile; fileRef = ACD0BC0F2B4FC76C0096EEDA /* TrainingResponse.swift */; };
		ACF7C8192B4DFFD60038CFAC /* FirebaseAnalytics in Frameworks */ = {isa = PBXBuildFile; productRef = ACF7C8182B4DFFD60038CFAC /* FirebaseAnalytics */; };
		ACF7C81B2B4DFFD60038CFAC /* FirebaseAnalyticsOnDeviceConversion in Frameworks */ = {isa = PBXBuildFile; productRef = ACF7C81A2B4DFFD60038CFAC /* FirebaseAnalyticsOnDeviceConversion */; };
		ACF7C81D2B4DFFD60038CFAC /* FirebaseAnalyticsSwift in Frameworks */ = {isa = PBXBuildFile; productRef = ACF7C81C2B4DFFD60038CFAC /* FirebaseAnalyticsSwift */; };
		ACF7C81F2B4DFFD60038CFAC /* FirebaseAnalyticsWithoutAdIdSupport in Frameworks */ = {isa = PBXBuildFile; productRef = ACF7C81E2B4DFFD60038CFAC /* FirebaseAnalyticsWithoutAdIdSupport */; };
		ACF7C8212B4DFFD60038CFAC /* FirebaseAppCheck in Frameworks */ = {isa = PBXBuildFile; productRef = ACF7C8202B4DFFD60038CFAC /* FirebaseAppCheck */; };
		ACF7C8232B4DFFD60038CFAC /* FirebaseAppDistribution-Beta in Frameworks */ = {isa = PBXBuildFile; productRef = ACF7C8222B4DFFD60038CFAC /* FirebaseAppDistribution-Beta */; };
		ACF7C8252B4DFFD60038CFAC /* FirebaseAuth in Frameworks */ = {isa = PBXBuildFile; productRef = ACF7C8242B4DFFD60038CFAC /* FirebaseAuth */; };
		ACF7C8272B4DFFD60038CFAC /* FirebaseAuthCombine-Community in Frameworks */ = {isa = PBXBuildFile; productRef = ACF7C8262B4DFFD60038CFAC /* FirebaseAuthCombine-Community */; };
		ACF7C8292B4DFFD60038CFAC /* FirebaseCrashlytics in Frameworks */ = {isa = PBXBuildFile; productRef = ACF7C8282B4DFFD60038CFAC /* FirebaseCrashlytics */; };
		ACF7C82B2B4DFFD60038CFAC /* FirebaseDatabase in Frameworks */ = {isa = PBXBuildFile; productRef = ACF7C82A2B4DFFD60038CFAC /* FirebaseDatabase */; };
		ACF7C82D2B4DFFD60038CFAC /* FirebaseDatabaseSwift in Frameworks */ = {isa = PBXBuildFile; productRef = ACF7C82C2B4DFFD60038CFAC /* FirebaseDatabaseSwift */; };
		ACF7C82F2B4DFFD60038CFAC /* FirebaseDynamicLinks in Frameworks */ = {isa = PBXBuildFile; productRef = ACF7C82E2B4DFFD60038CFAC /* FirebaseDynamicLinks */; };
		ACF7C8312B4DFFD60038CFAC /* FirebaseFirestore in Frameworks */ = {isa = PBXBuildFile; productRef = ACF7C8302B4DFFD60038CFAC /* FirebaseFirestore */; };
		ACF7C8332B4DFFD60038CFAC /* FirebaseFirestoreCombine-Community in Frameworks */ = {isa = PBXBuildFile; productRef = ACF7C8322B4DFFD60038CFAC /* FirebaseFirestoreCombine-Community */; };
		ACF7C8352B4DFFD60038CFAC /* FirebaseFirestoreSwift in Frameworks */ = {isa = PBXBuildFile; productRef = ACF7C8342B4DFFD60038CFAC /* FirebaseFirestoreSwift */; };
		ACF7C8372B4DFFD60038CFAC /* FirebaseFunctions in Frameworks */ = {isa = PBXBuildFile; productRef = ACF7C8362B4DFFD60038CFAC /* FirebaseFunctions */; };
		ACF7C8392B4DFFD60038CFAC /* FirebaseFunctionsCombine-Community in Frameworks */ = {isa = PBXBuildFile; productRef = ACF7C8382B4DFFD60038CFAC /* FirebaseFunctionsCombine-Community */; };
		ACF7C83B2B4DFFD60038CFAC /* FirebaseInAppMessaging-Beta in Frameworks */ = {isa = PBXBuildFile; productRef = ACF7C83A2B4DFFD60038CFAC /* FirebaseInAppMessaging-Beta */; };
		ACF7C83D2B4DFFD60038CFAC /* FirebaseInAppMessagingSwift-Beta in Frameworks */ = {isa = PBXBuildFile; productRef = ACF7C83C2B4DFFD60038CFAC /* FirebaseInAppMessagingSwift-Beta */; };
		ACF7C83F2B4DFFD60038CFAC /* FirebaseInstallations in Frameworks */ = {isa = PBXBuildFile; productRef = ACF7C83E2B4DFFD60038CFAC /* FirebaseInstallations */; };
		ACF7C8412B4DFFD60038CFAC /* FirebaseMLModelDownloader in Frameworks */ = {isa = PBXBuildFile; productRef = ACF7C8402B4DFFD60038CFAC /* FirebaseMLModelDownloader */; };
		ACF7C8432B4DFFD60038CFAC /* FirebaseMessaging in Frameworks */ = {isa = PBXBuildFile; productRef = ACF7C8422B4DFFD60038CFAC /* FirebaseMessaging */; };
		ACF7C8452B4DFFD60038CFAC /* FirebasePerformance in Frameworks */ = {isa = PBXBuildFile; productRef = ACF7C8442B4DFFD60038CFAC /* FirebasePerformance */; };
		ACF7C8472B4DFFD60038CFAC /* FirebaseRemoteConfig in Frameworks */ = {isa = PBXBuildFile; productRef = ACF7C8462B4DFFD60038CFAC /* FirebaseRemoteConfig */; };
		ACF7C8492B4DFFD60038CFAC /* FirebaseRemoteConfigSwift in Frameworks */ = {isa = PBXBuildFile; productRef = ACF7C8482B4DFFD60038CFAC /* FirebaseRemoteConfigSwift */; };
		ACF7C84B2B4DFFD60038CFAC /* FirebaseStorage in Frameworks */ = {isa = PBXBuildFile; productRef = ACF7C84A2B4DFFD60038CFAC /* FirebaseStorage */; };
		ACFBB83C2B4DC3DB0075C975 /* SpeedCoachAppApp.swift in Sources */ = {isa = PBXBuildFile; fileRef = ACFBB83B2B4DC3DB0075C975 /* SpeedCoachAppApp.swift */; };
		ACFBB83E2B4DC3DB0075C975 /* ContentView.swift in Sources */ = {isa = PBXBuildFile; fileRef = ACFBB83D2B4DC3DB0075C975 /* ContentView.swift */; };
		ACFBB8402B4DC3DD0075C975 /* Assets.xcassets in Resources */ = {isa = PBXBuildFile; fileRef = ACFBB83F2B4DC3DD0075C975 /* Assets.xcassets */; };
		ACFBB8432B4DC3DD0075C975 /* Preview Assets.xcassets in Resources */ = {isa = PBXBuildFile; fileRef = ACFBB8422B4DC3DD0075C975 /* Preview Assets.xcassets */; };
		ACFBB84A2B4DC4A80075C975 /* ButtonDS.swift in Sources */ = {isa = PBXBuildFile; fileRef = ACFBB8492B4DC4A80075C975 /* ButtonDS.swift */; };
		ACFBB84F2B4DC5BC0075C975 /* LoginView.swift in Sources */ = {isa = PBXBuildFile; fileRef = ACFBB84E2B4DC5BC0075C975 /* LoginView.swift */; };
		ACFBB8512B4DC68E0075C975 /* InputView.swift in Sources */ = {isa = PBXBuildFile; fileRef = ACFBB8502B4DC68E0075C975 /* InputView.swift */; };
		ACFBB8532B4DCCDA0075C975 /* RegisterView.swift in Sources */ = {isa = PBXBuildFile; fileRef = ACFBB8522B4DCCDA0075C975 /* RegisterView.swift */; };
		ACFBB8552B4DDBB10075C975 /* HomeView.swift in Sources */ = {isa = PBXBuildFile; fileRef = ACFBB8542B4DDBB10075C975 /* HomeView.swift */; };
		ACFBB8582B4DDC8E0075C975 /* User.swift in Sources */ = {isa = PBXBuildFile; fileRef = ACFBB8572B4DDC8E0075C975 /* User.swift */; };
		ACFBB85A2B4DE1020075C975 /* GoogleService-Info.plist in Resources */ = {isa = PBXBuildFile; fileRef = ACFBB8592B4DE1010075C975 /* GoogleService-Info.plist */; };
		ACFBB85D2B4DE25D0075C975 /* FirebaseAnalytics in Frameworks */ = {isa = PBXBuildFile; productRef = ACFBB85C2B4DE25D0075C975 /* FirebaseAnalytics */; };
		ACFBB85F2B4DE25D0075C975 /* FirebaseAnalyticsOnDeviceConversion in Frameworks */ = {isa = PBXBuildFile; productRef = ACFBB85E2B4DE25D0075C975 /* FirebaseAnalyticsOnDeviceConversion */; };
		ACFBB8612B4DE25D0075C975 /* FirebaseAnalyticsSwift in Frameworks */ = {isa = PBXBuildFile; productRef = ACFBB8602B4DE25D0075C975 /* FirebaseAnalyticsSwift */; };
		ACFBB8632B4DE25D0075C975 /* FirebaseAnalyticsWithoutAdIdSupport in Frameworks */ = {isa = PBXBuildFile; productRef = ACFBB8622B4DE25D0075C975 /* FirebaseAnalyticsWithoutAdIdSupport */; };
		ACFBB8652B4DE25D0075C975 /* FirebaseAppCheck in Frameworks */ = {isa = PBXBuildFile; productRef = ACFBB8642B4DE25D0075C975 /* FirebaseAppCheck */; };
		ACFBB8692B4DE4840075C975 /* AuthViewModel.swift in Sources */ = {isa = PBXBuildFile; fileRef = ACFBB8682B4DE4840075C975 /* AuthViewModel.swift */; };
		D278E5622B5D8192000A64DD /* LocationViewModel.swift in Sources */ = {isa = PBXBuildFile; fileRef = D278E5612B5D8192000A64DD /* LocationViewModel.swift */; };
		D278E5642B5D820E000A64DD /* LocationView.swift in Sources */ = {isa = PBXBuildFile; fileRef = D278E5632B5D820E000A64DD /* LocationView.swift */; };
		D278E5662B5D854F000A64DD /* LocationHelper.swift in Sources */ = {isa = PBXBuildFile; fileRef = D278E5652B5D854F000A64DD /* LocationHelper.swift */; };
		D278E5682B5D8B3E000A64DD /* LocationHelperDelegate.swift in Sources */ = {isa = PBXBuildFile; fileRef = D278E5672B5D8B3E000A64DD /* LocationHelperDelegate.swift */; };
/* End PBXBuildFile section */

/* Begin PBXFileReference section */
		AC4F41092B5CBA980002E289 /* TrainingDetailView.swift */ = {isa = PBXFileReference; lastKnownFileType = sourcecode.swift; path = TrainingDetailView.swift; sourceTree = "<group>"; };
		AC4F410B2B5CD02F0002E289 /* SplashScreen.swift */ = {isa = PBXFileReference; lastKnownFileType = sourcecode.swift; path = SplashScreen.swift; sourceTree = "<group>"; };
		ACD0BBFF2B4FC4BA0096EEDA /* TrainingListRow.swift */ = {isa = PBXFileReference; lastKnownFileType = sourcecode.swift; path = TrainingListRow.swift; sourceTree = "<group>"; };
		ACD0BC012B4FC5400096EEDA /* TrainingListView.swift */ = {isa = PBXFileReference; lastKnownFileType = sourcecode.swift; path = TrainingListView.swift; sourceTree = "<group>"; };
		ACD0BC052B4FC6460096EEDA /* TrainingListViewModel.swift */ = {isa = PBXFileReference; lastKnownFileType = sourcecode.swift; path = TrainingListViewModel.swift; sourceTree = "<group>"; };
		ACD0BC082B4FC6DF0096EEDA /* TrainingDataSource.swift */ = {isa = PBXFileReference; lastKnownFileType = sourcecode.swift; path = TrainingDataSource.swift; sourceTree = "<group>"; };
		ACD0BC0A2B4FC70E0096EEDA /* TrainingDataSourceDelegate.swift */ = {isa = PBXFileReference; lastKnownFileType = sourcecode.swift; path = TrainingDataSourceDelegate.swift; sourceTree = "<group>"; };
		ACD0BC0D2B4FC7610096EEDA /* Training.swift */ = {isa = PBXFileReference; lastKnownFileType = sourcecode.swift; path = Training.swift; sourceTree = "<group>"; };
		ACD0BC0F2B4FC76C0096EEDA /* TrainingResponse.swift */ = {isa = PBXFileReference; lastKnownFileType = sourcecode.swift; path = TrainingResponse.swift; sourceTree = "<group>"; };
		ACFBB8382B4DC3DB0075C975 /* SpeedCoachApp.app */ = {isa = PBXFileReference; explicitFileType = wrapper.application; includeInIndex = 0; path = SpeedCoachApp.app; sourceTree = BUILT_PRODUCTS_DIR; };
		ACFBB83B2B4DC3DB0075C975 /* SpeedCoachAppApp.swift */ = {isa = PBXFileReference; lastKnownFileType = sourcecode.swift; path = SpeedCoachAppApp.swift; sourceTree = "<group>"; };
		ACFBB83D2B4DC3DB0075C975 /* ContentView.swift */ = {isa = PBXFileReference; lastKnownFileType = sourcecode.swift; path = ContentView.swift; sourceTree = "<group>"; };
		ACFBB83F2B4DC3DD0075C975 /* Assets.xcassets */ = {isa = PBXFileReference; lastKnownFileType = folder.assetcatalog; path = Assets.xcassets; sourceTree = "<group>"; };
		ACFBB8422B4DC3DD0075C975 /* Preview Assets.xcassets */ = {isa = PBXFileReference; lastKnownFileType = folder.assetcatalog; path = "Preview Assets.xcassets"; sourceTree = "<group>"; };
		ACFBB8492B4DC4A80075C975 /* ButtonDS.swift */ = {isa = PBXFileReference; lastKnownFileType = sourcecode.swift; path = ButtonDS.swift; sourceTree = "<group>"; };
		ACFBB84E2B4DC5BC0075C975 /* LoginView.swift */ = {isa = PBXFileReference; lastKnownFileType = sourcecode.swift; path = LoginView.swift; sourceTree = "<group>"; };
		ACFBB8502B4DC68E0075C975 /* InputView.swift */ = {isa = PBXFileReference; lastKnownFileType = sourcecode.swift; path = InputView.swift; sourceTree = "<group>"; };
		ACFBB8522B4DCCDA0075C975 /* RegisterView.swift */ = {isa = PBXFileReference; lastKnownFileType = sourcecode.swift; path = RegisterView.swift; sourceTree = "<group>"; };
		ACFBB8542B4DDBB10075C975 /* HomeView.swift */ = {isa = PBXFileReference; lastKnownFileType = sourcecode.swift; path = HomeView.swift; sourceTree = "<group>"; };
		ACFBB8572B4DDC8E0075C975 /* User.swift */ = {isa = PBXFileReference; lastKnownFileType = sourcecode.swift; path = User.swift; sourceTree = "<group>"; };
		ACFBB8592B4DE1010075C975 /* GoogleService-Info.plist */ = {isa = PBXFileReference; lastKnownFileType = text.plist; path = "GoogleService-Info.plist"; sourceTree = SOURCE_ROOT; };
		ACFBB8682B4DE4840075C975 /* AuthViewModel.swift */ = {isa = PBXFileReference; lastKnownFileType = sourcecode.swift; path = AuthViewModel.swift; sourceTree = "<group>"; };
		D278E5612B5D8192000A64DD /* LocationViewModel.swift */ = {isa = PBXFileReference; lastKnownFileType = sourcecode.swift; path = LocationViewModel.swift; sourceTree = "<group>"; };
		D278E5632B5D820E000A64DD /* LocationView.swift */ = {isa = PBXFileReference; lastKnownFileType = sourcecode.swift; path = LocationView.swift; sourceTree = "<group>"; };
		D278E5652B5D854F000A64DD /* LocationHelper.swift */ = {isa = PBXFileReference; lastKnownFileType = sourcecode.swift; path = LocationHelper.swift; sourceTree = "<group>"; };
		D278E5672B5D8B3E000A64DD /* LocationHelperDelegate.swift */ = {isa = PBXFileReference; lastKnownFileType = sourcecode.swift; path = LocationHelperDelegate.swift; sourceTree = "<group>"; };
/* End PBXFileReference section */

/* Begin PBXFrameworksBuildPhase section */
		ACFBB8352B4DC3DB0075C975 /* Frameworks */ = {
			isa = PBXFrameworksBuildPhase;
			buildActionMask = 2147483647;
			files = (
				ACF7C8432B4DFFD60038CFAC /* FirebaseMessaging in Frameworks */,
				ACF7C8332B4DFFD60038CFAC /* FirebaseFirestoreCombine-Community in Frameworks */,
				ACF7C82B2B4DFFD60038CFAC /* FirebaseDatabase in Frameworks */,
				ACFBB8612B4DE25D0075C975 /* FirebaseAnalyticsSwift in Frameworks */,
				ACF7C84B2B4DFFD60038CFAC /* FirebaseStorage in Frameworks */,
				ACFBB85D2B4DE25D0075C975 /* FirebaseAnalytics in Frameworks */,
				ACF7C8192B4DFFD60038CFAC /* FirebaseAnalytics in Frameworks */,
				ACF7C8292B4DFFD60038CFAC /* FirebaseCrashlytics in Frameworks */,
				ACF7C8312B4DFFD60038CFAC /* FirebaseFirestore in Frameworks */,
				ACF7C82F2B4DFFD60038CFAC /* FirebaseDynamicLinks in Frameworks */,
				ACF7C81B2B4DFFD60038CFAC /* FirebaseAnalyticsOnDeviceConversion in Frameworks */,
				ACF7C8392B4DFFD60038CFAC /* FirebaseFunctionsCombine-Community in Frameworks */,
				ACF7C83D2B4DFFD60038CFAC /* FirebaseInAppMessagingSwift-Beta in Frameworks */,
				ACF7C8412B4DFFD60038CFAC /* FirebaseMLModelDownloader in Frameworks */,
				ACF7C83B2B4DFFD60038CFAC /* FirebaseInAppMessaging-Beta in Frameworks */,
				ACF7C8452B4DFFD60038CFAC /* FirebasePerformance in Frameworks */,
				ACF7C8272B4DFFD60038CFAC /* FirebaseAuthCombine-Community in Frameworks */,
				ACF7C81D2B4DFFD60038CFAC /* FirebaseAnalyticsSwift in Frameworks */,
				ACF7C82D2B4DFFD60038CFAC /* FirebaseDatabaseSwift in Frameworks */,
				ACFBB85F2B4DE25D0075C975 /* FirebaseAnalyticsOnDeviceConversion in Frameworks */,
				ACF7C8472B4DFFD60038CFAC /* FirebaseRemoteConfig in Frameworks */,
				ACFBB8652B4DE25D0075C975 /* FirebaseAppCheck in Frameworks */,
				ACF7C8252B4DFFD60038CFAC /* FirebaseAuth in Frameworks */,
				ACF7C8372B4DFFD60038CFAC /* FirebaseFunctions in Frameworks */,
				ACF7C83F2B4DFFD60038CFAC /* FirebaseInstallations in Frameworks */,
				ACF7C8352B4DFFD60038CFAC /* FirebaseFirestoreSwift in Frameworks */,
				ACF7C81F2B4DFFD60038CFAC /* FirebaseAnalyticsWithoutAdIdSupport in Frameworks */,
				ACF7C8212B4DFFD60038CFAC /* FirebaseAppCheck in Frameworks */,
				ACF7C8492B4DFFD60038CFAC /* FirebaseRemoteConfigSwift in Frameworks */,
				ACF7C8232B4DFFD60038CFAC /* FirebaseAppDistribution-Beta in Frameworks */,
				ACFBB8632B4DE25D0075C975 /* FirebaseAnalyticsWithoutAdIdSupport in Frameworks */,
			);
			runOnlyForDeploymentPostprocessing = 0;
		};
/* End PBXFrameworksBuildPhase section */

/* Begin PBXGroup section */
		AC4F41082B5CBA840002E289 /* TrainingDetail */ = {
			isa = PBXGroup;
			children = (
				AC4F41092B5CBA980002E289 /* TrainingDetailView.swift */,
			);
			path = TrainingDetail;
			sourceTree = "<group>";
		};
		ACD0BBFE2B4FC4A50096EEDA /* TrainingList */ = {
			isa = PBXGroup;
			children = (
				ACD0BBFF2B4FC4BA0096EEDA /* TrainingListRow.swift */,
				ACD0BC012B4FC5400096EEDA /* TrainingListView.swift */,
				ACD0BC052B4FC6460096EEDA /* TrainingListViewModel.swift */,
			);
			path = TrainingList;
			sourceTree = "<group>";
		};
		ACD0BC072B4FC6BD0096EEDA /* DataSource */ = {
			isa = PBXGroup;
			children = (
				ACD0BC082B4FC6DF0096EEDA /* TrainingDataSource.swift */,
				ACD0BC0A2B4FC70E0096EEDA /* TrainingDataSourceDelegate.swift */,
			);
			path = DataSource;
			sourceTree = "<group>";
		};
		ACD0BC112B4FCE560096EEDA /* Views */ = {
			isa = PBXGroup;
			children = (
				AC4F41082B5CBA840002E289 /* TrainingDetail */,
				ACFBB84D2B4DC5950075C975 /* Home */,
				ACD0BBFE2B4FC4A50096EEDA /* TrainingList */,
				AC4F410B2B5CD02F0002E289 /* SplashScreen.swift */,
			);
			path = Views;
			sourceTree = "<group>";
		};
		ACFBB82F2B4DC3DB0075C975 = {
			isa = PBXGroup;
			children = (
				ACFBB83A2B4DC3DB0075C975 /* SpeedCoachApp */,
				ACFBB8392B4DC3DB0075C975 /* Products */,
			);
			sourceTree = "<group>";
		};
		ACFBB8392B4DC3DB0075C975 /* Products */ = {
			isa = PBXGroup;
			children = (
				ACFBB8382B4DC3DB0075C975 /* SpeedCoachApp.app */,
			);
			name = Products;
			sourceTree = "<group>";
		};
		ACFBB83A2B4DC3DB0075C975 /* SpeedCoachApp */ = {
			isa = PBXGroup;
			children = (
				ACFBB83B2B4DC3DB0075C975 /* SpeedCoachAppApp.swift */,
				ACFBB83D2B4DC3DB0075C975 /* ContentView.swift */,
				ACD0BC112B4FCE560096EEDA /* Views */,
				ACD0BC072B4FC6BD0096EEDA /* DataSource */,
				ACFBB8562B4DDC810075C975 /* Models */,
				ACFBB84C2B4DC58B0075C975 /* Authentication */,
				ACFBB84B2B4DC5630075C975 /* Components */,
				ACFBB83F2B4DC3DD0075C975 /* Assets.xcassets */,
				ACFBB8592B4DE1010075C975 /* GoogleService-Info.plist */,
				ACFBB8412B4DC3DD0075C975 /* Preview Content */,
			);
			path = SpeedCoachApp;
			sourceTree = "<group>";
		};
		ACFBB8412B4DC3DD0075C975 /* Preview Content */ = {
			isa = PBXGroup;
			children = (
				ACFBB8422B4DC3DD0075C975 /* Preview Assets.xcassets */,
			);
			path = "Preview Content";
			sourceTree = "<group>";
		};
		ACFBB84B2B4DC5630075C975 /* Components */ = {
			isa = PBXGroup;
			children = (
				ACFBB8492B4DC4A80075C975 /* ButtonDS.swift */,
				ACFBB8502B4DC68E0075C975 /* InputView.swift */,
			);
			path = Components;
			sourceTree = "<group>";
		};
		ACFBB84C2B4DC58B0075C975 /* Authentication */ = {
			isa = PBXGroup;
			children = (
				ACFBB8672B4DE4140075C975 /* ViewModel */,
				ACFBB8662B4DE4090075C975 /* View */,
			);
			path = Authentication;
			sourceTree = "<group>";
		};
		ACFBB84D2B4DC5950075C975 /* Home */ = {
			isa = PBXGroup;
			children = (
				ACFBB8542B4DDBB10075C975 /* HomeView.swift */,
			);
			path = Home;
			sourceTree = "<group>";
		};
		ACFBB8562B4DDC810075C975 /* Models */ = {
			isa = PBXGroup;
			children = (
				ACD0BC0D2B4FC7610096EEDA /* Training.swift */,
				ACD0BC0F2B4FC76C0096EEDA /* TrainingResponse.swift */,
				ACFBB8572B4DDC8E0075C975 /* User.swift */,
			);
			path = Models;
			sourceTree = "<group>";
		};
		ACFBB8662B4DE4090075C975 /* View */ = {
			isa = PBXGroup;
			children = (
				ACFBB84E2B4DC5BC0075C975 /* LoginView.swift */,
				ACFBB8522B4DCCDA0075C975 /* RegisterView.swift */,
				D278E5632B5D820E000A64DD /* LocationView.swift */,
			);
			path = View;
			sourceTree = "<group>";
		};
		ACFBB8672B4DE4140075C975 /* ViewModel */ = {
			isa = PBXGroup;
			children = (
				ACFBB8682B4DE4840075C975 /* AuthViewModel.swift */,
				D278E5612B5D8192000A64DD /* LocationViewModel.swift */,
				D278E5652B5D854F000A64DD /* LocationHelper.swift */,
				D278E5672B5D8B3E000A64DD /* LocationHelperDelegate.swift */,
			);
			path = ViewModel;
			sourceTree = "<group>";
		};
/* End PBXGroup section */

/* Begin PBXNativeTarget section */
		ACFBB8372B4DC3DB0075C975 /* SpeedCoachApp */ = {
			isa = PBXNativeTarget;
			buildConfigurationList = ACFBB8462B4DC3DD0075C975 /* Build configuration list for PBXNativeTarget "SpeedCoachApp" */;
			buildPhases = (
				ACFBB8342B4DC3DB0075C975 /* Sources */,
				ACFBB8352B4DC3DB0075C975 /* Frameworks */,
				ACFBB8362B4DC3DB0075C975 /* Resources */,
			);
			buildRules = (
			);
			dependencies = (
			);
			name = SpeedCoachApp;
			packageProductDependencies = (
				ACFBB85C2B4DE25D0075C975 /* FirebaseAnalytics */,
				ACFBB85E2B4DE25D0075C975 /* FirebaseAnalyticsOnDeviceConversion */,
				ACFBB8602B4DE25D0075C975 /* FirebaseAnalyticsSwift */,
				ACFBB8622B4DE25D0075C975 /* FirebaseAnalyticsWithoutAdIdSupport */,
				ACFBB8642B4DE25D0075C975 /* FirebaseAppCheck */,
				ACF7C8182B4DFFD60038CFAC /* FirebaseAnalytics */,
				ACF7C81A2B4DFFD60038CFAC /* FirebaseAnalyticsOnDeviceConversion */,
				ACF7C81C2B4DFFD60038CFAC /* FirebaseAnalyticsSwift */,
				ACF7C81E2B4DFFD60038CFAC /* FirebaseAnalyticsWithoutAdIdSupport */,
				ACF7C8202B4DFFD60038CFAC /* FirebaseAppCheck */,
				ACF7C8222B4DFFD60038CFAC /* FirebaseAppDistribution-Beta */,
				ACF7C8242B4DFFD60038CFAC /* FirebaseAuth */,
				ACF7C8262B4DFFD60038CFAC /* FirebaseAuthCombine-Community */,
				ACF7C8282B4DFFD60038CFAC /* FirebaseCrashlytics */,
				ACF7C82A2B4DFFD60038CFAC /* FirebaseDatabase */,
				ACF7C82C2B4DFFD60038CFAC /* FirebaseDatabaseSwift */,
				ACF7C82E2B4DFFD60038CFAC /* FirebaseDynamicLinks */,
				ACF7C8302B4DFFD60038CFAC /* FirebaseFirestore */,
				ACF7C8322B4DFFD60038CFAC /* FirebaseFirestoreCombine-Community */,
				ACF7C8342B4DFFD60038CFAC /* FirebaseFirestoreSwift */,
				ACF7C8362B4DFFD60038CFAC /* FirebaseFunctions */,
				ACF7C8382B4DFFD60038CFAC /* FirebaseFunctionsCombine-Community */,
				ACF7C83A2B4DFFD60038CFAC /* FirebaseInAppMessaging-Beta */,
				ACF7C83C2B4DFFD60038CFAC /* FirebaseInAppMessagingSwift-Beta */,
				ACF7C83E2B4DFFD60038CFAC /* FirebaseInstallations */,
				ACF7C8402B4DFFD60038CFAC /* FirebaseMLModelDownloader */,
				ACF7C8422B4DFFD60038CFAC /* FirebaseMessaging */,
				ACF7C8442B4DFFD60038CFAC /* FirebasePerformance */,
				ACF7C8462B4DFFD60038CFAC /* FirebaseRemoteConfig */,
				ACF7C8482B4DFFD60038CFAC /* FirebaseRemoteConfigSwift */,
				ACF7C84A2B4DFFD60038CFAC /* FirebaseStorage */,
			);
			productName = SpeedCoachApp;
			productReference = ACFBB8382B4DC3DB0075C975 /* SpeedCoachApp.app */;
			productType = "com.apple.product-type.application";
		};
/* End PBXNativeTarget section */

/* Begin PBXProject section */
		ACFBB8302B4DC3DB0075C975 /* Project object */ = {
			isa = PBXProject;
			attributes = {
				BuildIndependentTargetsInParallel = 1;
				LastSwiftUpdateCheck = 1500;
				LastUpgradeCheck = 1500;
				TargetAttributes = {
					ACFBB8372B4DC3DB0075C975 = {
						CreatedOnToolsVersion = 15.0;
					};
				};
			};
			buildConfigurationList = ACFBB8332B4DC3DB0075C975 /* Build configuration list for PBXProject "SpeedCoachApp" */;
			compatibilityVersion = "Xcode 14.0";
			developmentRegion = en;
			hasScannedForEncodings = 0;
			knownRegions = (
				en,
				Base,
			);
			mainGroup = ACFBB82F2B4DC3DB0075C975;
			packageReferences = (
				ACFBB85B2B4DE25D0075C975 /* XCRemoteSwiftPackageReference "firebase-ios-sdk" */,
			);
			productRefGroup = ACFBB8392B4DC3DB0075C975 /* Products */;
			projectDirPath = "";
			projectRoot = "";
			targets = (
				ACFBB8372B4DC3DB0075C975 /* SpeedCoachApp */,
			);
		};
/* End PBXProject section */

/* Begin PBXResourcesBuildPhase section */
		ACFBB8362B4DC3DB0075C975 /* Resources */ = {
			isa = PBXResourcesBuildPhase;
			buildActionMask = 2147483647;
			files = (
				ACFBB8432B4DC3DD0075C975 /* Preview Assets.xcassets in Resources */,
				ACFBB8402B4DC3DD0075C975 /* Assets.xcassets in Resources */,
				ACFBB85A2B4DE1020075C975 /* GoogleService-Info.plist in Resources */,
			);
			runOnlyForDeploymentPostprocessing = 0;
		};
/* End PBXResourcesBuildPhase section */

/* Begin PBXSourcesBuildPhase section */
		ACFBB8342B4DC3DB0075C975 /* Sources */ = {
			isa = PBXSourcesBuildPhase;
			buildActionMask = 2147483647;
			files = (
				AC4F410C2B5CD02F0002E289 /* SplashScreen.swift in Sources */,
				ACFBB83E2B4DC3DB0075C975 /* ContentView.swift in Sources */,
				ACFBB8552B4DDBB10075C975 /* HomeView.swift in Sources */,
				D278E5622B5D8192000A64DD /* LocationViewModel.swift in Sources */,
				ACD0BC0B2B4FC70E0096EEDA /* TrainingDataSourceDelegate.swift in Sources */,
				ACD0BC062B4FC6460096EEDA /* TrainingListViewModel.swift in Sources */,
				ACD0BC0E2B4FC7610096EEDA /* Training.swift in Sources */,
				ACD0BC092B4FC6DF0096EEDA /* TrainingDataSource.swift in Sources */,
				AC4F410A2B5CBA980002E289 /* TrainingDetailView.swift in Sources */,
				ACD0BC022B4FC5400096EEDA /* TrainingListView.swift in Sources */,
				ACFBB84A2B4DC4A80075C975 /* ButtonDS.swift in Sources */,
				ACFBB8512B4DC68E0075C975 /* InputView.swift in Sources */,
				D278E5662B5D854F000A64DD /* LocationHelper.swift in Sources */,
				ACFBB8582B4DDC8E0075C975 /* User.swift in Sources */,
				ACFBB8532B4DCCDA0075C975 /* RegisterView.swift in Sources */,
				D278E5682B5D8B3E000A64DD /* LocationHelperDelegate.swift in Sources */,
				ACFBB84F2B4DC5BC0075C975 /* LoginView.swift in Sources */,
				ACD0BC102B4FC76C0096EEDA /* TrainingResponse.swift in Sources */,
				ACFBB83C2B4DC3DB0075C975 /* SpeedCoachAppApp.swift in Sources */,
				D278E5642B5D820E000A64DD /* LocationView.swift in Sources */,
				ACD0BC002B4FC4BA0096EEDA /* TrainingListRow.swift in Sources */,
				ACFBB8692B4DE4840075C975 /* AuthViewModel.swift in Sources */,
			);
			runOnlyForDeploymentPostprocessing = 0;
		};
/* End PBXSourcesBuildPhase section */

/* Begin XCBuildConfiguration section */
		ACFBB8442B4DC3DD0075C975 /* Debug */ = {
			isa = XCBuildConfiguration;
			buildSettings = {
				ALWAYS_SEARCH_USER_PATHS = NO;
				ASSETCATALOG_COMPILER_GENERATE_SWIFT_ASSET_SYMBOL_EXTENSIONS = YES;
				CLANG_ANALYZER_NONNULL = YES;
				CLANG_ANALYZER_NUMBER_OBJECT_CONVERSION = YES_AGGRESSIVE;
				CLANG_CXX_LANGUAGE_STANDARD = "gnu++20";
				CLANG_ENABLE_MODULES = YES;
				CLANG_ENABLE_OBJC_ARC = YES;
				CLANG_ENABLE_OBJC_WEAK = YES;
				CLANG_WARN_BLOCK_CAPTURE_AUTORELEASING = YES;
				CLANG_WARN_BOOL_CONVERSION = YES;
				CLANG_WARN_COMMA = YES;
				CLANG_WARN_CONSTANT_CONVERSION = YES;
				CLANG_WARN_DEPRECATED_OBJC_IMPLEMENTATIONS = YES;
				CLANG_WARN_DIRECT_OBJC_ISA_USAGE = YES_ERROR;
				CLANG_WARN_DOCUMENTATION_COMMENTS = YES;
				CLANG_WARN_EMPTY_BODY = YES;
				CLANG_WARN_ENUM_CONVERSION = YES;
				CLANG_WARN_INFINITE_RECURSION = YES;
				CLANG_WARN_INT_CONVERSION = YES;
				CLANG_WARN_NON_LITERAL_NULL_CONVERSION = YES;
				CLANG_WARN_OBJC_IMPLICIT_RETAIN_SELF = YES;
				CLANG_WARN_OBJC_LITERAL_CONVERSION = YES;
				CLANG_WARN_OBJC_ROOT_CLASS = YES_ERROR;
				CLANG_WARN_QUOTED_INCLUDE_IN_FRAMEWORK_HEADER = YES;
				CLANG_WARN_RANGE_LOOP_ANALYSIS = YES;
				CLANG_WARN_STRICT_PROTOTYPES = YES;
				CLANG_WARN_SUSPICIOUS_MOVE = YES;
				CLANG_WARN_UNGUARDED_AVAILABILITY = YES_AGGRESSIVE;
				CLANG_WARN_UNREACHABLE_CODE = YES;
				CLANG_WARN__DUPLICATE_METHOD_MATCH = YES;
				COPY_PHASE_STRIP = NO;
				DEBUG_INFORMATION_FORMAT = dwarf;
				ENABLE_STRICT_OBJC_MSGSEND = YES;
				ENABLE_TESTABILITY = YES;
				ENABLE_USER_SCRIPT_SANDBOXING = YES;
				GCC_C_LANGUAGE_STANDARD = gnu17;
				GCC_DYNAMIC_NO_PIC = NO;
				GCC_NO_COMMON_BLOCKS = YES;
				GCC_OPTIMIZATION_LEVEL = 0;
				GCC_PREPROCESSOR_DEFINITIONS = (
					"DEBUG=1",
					"$(inherited)",
				);
				GCC_WARN_64_TO_32_BIT_CONVERSION = YES;
				GCC_WARN_ABOUT_RETURN_TYPE = YES_ERROR;
				GCC_WARN_UNDECLARED_SELECTOR = YES;
				GCC_WARN_UNINITIALIZED_AUTOS = YES_AGGRESSIVE;
				GCC_WARN_UNUSED_FUNCTION = YES;
				GCC_WARN_UNUSED_VARIABLE = YES;
				IPHONEOS_DEPLOYMENT_TARGET = 17.0;
				LOCALIZATION_PREFERS_STRING_CATALOGS = YES;
				MTL_ENABLE_DEBUG_INFO = INCLUDE_SOURCE;
				MTL_FAST_MATH = YES;
				ONLY_ACTIVE_ARCH = YES;
				SDKROOT = iphoneos;
				SWIFT_ACTIVE_COMPILATION_CONDITIONS = "DEBUG $(inherited)";
				SWIFT_OPTIMIZATION_LEVEL = "-Onone";
			};
			name = Debug;
		};
		ACFBB8452B4DC3DD0075C975 /* Release */ = {
			isa = XCBuildConfiguration;
			buildSettings = {
				ALWAYS_SEARCH_USER_PATHS = NO;
				ASSETCATALOG_COMPILER_GENERATE_SWIFT_ASSET_SYMBOL_EXTENSIONS = YES;
				CLANG_ANALYZER_NONNULL = YES;
				CLANG_ANALYZER_NUMBER_OBJECT_CONVERSION = YES_AGGRESSIVE;
				CLANG_CXX_LANGUAGE_STANDARD = "gnu++20";
				CLANG_ENABLE_MODULES = YES;
				CLANG_ENABLE_OBJC_ARC = YES;
				CLANG_ENABLE_OBJC_WEAK = YES;
				CLANG_WARN_BLOCK_CAPTURE_AUTORELEASING = YES;
				CLANG_WARN_BOOL_CONVERSION = YES;
				CLANG_WARN_COMMA = YES;
				CLANG_WARN_CONSTANT_CONVERSION = YES;
				CLANG_WARN_DEPRECATED_OBJC_IMPLEMENTATIONS = YES;
				CLANG_WARN_DIRECT_OBJC_ISA_USAGE = YES_ERROR;
				CLANG_WARN_DOCUMENTATION_COMMENTS = YES;
				CLANG_WARN_EMPTY_BODY = YES;
				CLANG_WARN_ENUM_CONVERSION = YES;
				CLANG_WARN_INFINITE_RECURSION = YES;
				CLANG_WARN_INT_CONVERSION = YES;
				CLANG_WARN_NON_LITERAL_NULL_CONVERSION = YES;
				CLANG_WARN_OBJC_IMPLICIT_RETAIN_SELF = YES;
				CLANG_WARN_OBJC_LITERAL_CONVERSION = YES;
				CLANG_WARN_OBJC_ROOT_CLASS = YES_ERROR;
				CLANG_WARN_QUOTED_INCLUDE_IN_FRAMEWORK_HEADER = YES;
				CLANG_WARN_RANGE_LOOP_ANALYSIS = YES;
				CLANG_WARN_STRICT_PROTOTYPES = YES;
				CLANG_WARN_SUSPICIOUS_MOVE = YES;
				CLANG_WARN_UNGUARDED_AVAILABILITY = YES_AGGRESSIVE;
				CLANG_WARN_UNREACHABLE_CODE = YES;
				CLANG_WARN__DUPLICATE_METHOD_MATCH = YES;
				COPY_PHASE_STRIP = NO;
				DEBUG_INFORMATION_FORMAT = "dwarf-with-dsym";
				ENABLE_NS_ASSERTIONS = NO;
				ENABLE_STRICT_OBJC_MSGSEND = YES;
				ENABLE_USER_SCRIPT_SANDBOXING = YES;
				GCC_C_LANGUAGE_STANDARD = gnu17;
				GCC_NO_COMMON_BLOCKS = YES;
				GCC_WARN_64_TO_32_BIT_CONVERSION = YES;
				GCC_WARN_ABOUT_RETURN_TYPE = YES_ERROR;
				GCC_WARN_UNDECLARED_SELECTOR = YES;
				GCC_WARN_UNINITIALIZED_AUTOS = YES_AGGRESSIVE;
				GCC_WARN_UNUSED_FUNCTION = YES;
				GCC_WARN_UNUSED_VARIABLE = YES;
				IPHONEOS_DEPLOYMENT_TARGET = 17.0;
				LOCALIZATION_PREFERS_STRING_CATALOGS = YES;
				MTL_ENABLE_DEBUG_INFO = NO;
				MTL_FAST_MATH = YES;
				SDKROOT = iphoneos;
				SWIFT_COMPILATION_MODE = wholemodule;
				VALIDATE_PRODUCT = YES;
			};
			name = Release;
		};
		ACFBB8472B4DC3DD0075C975 /* Debug */ = {
			isa = XCBuildConfiguration;
			buildSettings = {
				ASSETCATALOG_COMPILER_APPICON_NAME = AppIcon;
				ASSETCATALOG_COMPILER_GLOBAL_ACCENT_COLOR_NAME = AccentColor;
				CODE_SIGN_STYLE = Automatic;
				CURRENT_PROJECT_VERSION = 1;
				DEVELOPMENT_ASSET_PATHS = "\"SpeedCoachApp/Preview Content\"";
				DEVELOPMENT_TEAM = MGXA47LNB4;
				ENABLE_PREVIEWS = YES;
				GENERATE_INFOPLIST_FILE = YES;
				INFOPLIST_KEY_NSLocationWhenInUseUsageDescription = "Give me everything :)";
				INFOPLIST_KEY_UIApplicationSceneManifest_Generation = YES;
				INFOPLIST_KEY_UIApplicationSupportsIndirectInputEvents = YES;
				INFOPLIST_KEY_UILaunchScreen_Generation = YES;
				INFOPLIST_KEY_UILaunchStoryboardName = row;
				INFOPLIST_KEY_UISupportedInterfaceOrientations_iPad = "UIInterfaceOrientationPortrait UIInterfaceOrientationPortraitUpsideDown UIInterfaceOrientationLandscapeLeft UIInterfaceOrientationLandscapeRight";
				INFOPLIST_KEY_UISupportedInterfaceOrientations_iPhone = "UIInterfaceOrientationPortrait UIInterfaceOrientationLandscapeLeft UIInterfaceOrientationLandscapeRight";
				IPHONEOS_DEPLOYMENT_TARGET = 16.0;
				LD_RUNPATH_SEARCH_PATHS = (
					"$(inherited)",
					"@executable_path/Frameworks",
				);
				MARKETING_VERSION = 1.0;
				PRODUCT_BUNDLE_IDENTIFIER = "test-organization.SpeedCoachApp";
				PRODUCT_NAME = "$(TARGET_NAME)";
				SWIFT_EMIT_LOC_STRINGS = YES;
				SWIFT_VERSION = 5.0;
				TARGETED_DEVICE_FAMILY = "1,2";
			};
			name = Debug;
		};
		ACFBB8482B4DC3DD0075C975 /* Release */ = {
			isa = XCBuildConfiguration;
			buildSettings = {
				ASSETCATALOG_COMPILER_APPICON_NAME = AppIcon;
				ASSETCATALOG_COMPILER_GLOBAL_ACCENT_COLOR_NAME = AccentColor;
				CODE_SIGN_STYLE = Automatic;
				CURRENT_PROJECT_VERSION = 1;
				DEVELOPMENT_ASSET_PATHS = "\"SpeedCoachApp/Preview Content\"";
				DEVELOPMENT_TEAM = MGXA47LNB4;
				ENABLE_PREVIEWS = YES;
				GENERATE_INFOPLIST_FILE = YES;
				INFOPLIST_KEY_NSLocationWhenInUseUsageDescription = "Give me everything :)";
				INFOPLIST_KEY_UIApplicationSceneManifest_Generation = YES;
				INFOPLIST_KEY_UIApplicationSupportsIndirectInputEvents = YES;
				INFOPLIST_KEY_UILaunchScreen_Generation = YES;
				INFOPLIST_KEY_UILaunchStoryboardName = row;
				INFOPLIST_KEY_UISupportedInterfaceOrientations_iPad = "UIInterfaceOrientationPortrait UIInterfaceOrientationPortraitUpsideDown UIInterfaceOrientationLandscapeLeft UIInterfaceOrientationLandscapeRight";
				INFOPLIST_KEY_UISupportedInterfaceOrientations_iPhone = "UIInterfaceOrientationPortrait UIInterfaceOrientationLandscapeLeft UIInterfaceOrientationLandscapeRight";
				IPHONEOS_DEPLOYMENT_TARGET = 16.0;
				LD_RUNPATH_SEARCH_PATHS = (
					"$(inherited)",
					"@executable_path/Frameworks",
				);
				MARKETING_VERSION = 1.0;
				PRODUCT_BUNDLE_IDENTIFIER = "test-organization.SpeedCoachApp";
				PRODUCT_NAME = "$(TARGET_NAME)";
				SWIFT_EMIT_LOC_STRINGS = YES;
				SWIFT_VERSION = 5.0;
				TARGETED_DEVICE_FAMILY = "1,2";
			};
			name = Release;
		};
/* End XCBuildConfiguration section */

/* Begin XCConfigurationList section */
		ACFBB8332B4DC3DB0075C975 /* Build configuration list for PBXProject "SpeedCoachApp" */ = {
			isa = XCConfigurationList;
			buildConfigurations = (
				ACFBB8442B4DC3DD0075C975 /* Debug */,
				ACFBB8452B4DC3DD0075C975 /* Release */,
			);
			defaultConfigurationIsVisible = 0;
			defaultConfigurationName = Release;
		};
		ACFBB8462B4DC3DD0075C975 /* Build configuration list for PBXNativeTarget "SpeedCoachApp" */ = {
			isa = XCConfigurationList;
			buildConfigurations = (
				ACFBB8472B4DC3DD0075C975 /* Debug */,
				ACFBB8482B4DC3DD0075C975 /* Release */,
			);
			defaultConfigurationIsVisible = 0;
			defaultConfigurationName = Release;
		};
/* End XCConfigurationList section */

/* Begin XCRemoteSwiftPackageReference section */
		ACFBB85B2B4DE25D0075C975 /* XCRemoteSwiftPackageReference "firebase-ios-sdk" */ = {
			isa = XCRemoteSwiftPackageReference;
			repositoryURL = "https://github.com/firebase/firebase-ios-sdk";
			requirement = {
				kind = upToNextMajorVersion;
				minimumVersion = 10.19.1;
			};
		};
/* End XCRemoteSwiftPackageReference section */

/* Begin XCSwiftPackageProductDependency section */
		ACF7C8182B4DFFD60038CFAC /* FirebaseAnalytics */ = {
			isa = XCSwiftPackageProductDependency;
			package = ACFBB85B2B4DE25D0075C975 /* XCRemoteSwiftPackageReference "firebase-ios-sdk" */;
			productName = FirebaseAnalytics;
		};
		ACF7C81A2B4DFFD60038CFAC /* FirebaseAnalyticsOnDeviceConversion */ = {
			isa = XCSwiftPackageProductDependency;
			package = ACFBB85B2B4DE25D0075C975 /* XCRemoteSwiftPackageReference "firebase-ios-sdk" */;
			productName = FirebaseAnalyticsOnDeviceConversion;
		};
		ACF7C81C2B4DFFD60038CFAC /* FirebaseAnalyticsSwift */ = {
			isa = XCSwiftPackageProductDependency;
			package = ACFBB85B2B4DE25D0075C975 /* XCRemoteSwiftPackageReference "firebase-ios-sdk" */;
			productName = FirebaseAnalyticsSwift;
		};
		ACF7C81E2B4DFFD60038CFAC /* FirebaseAnalyticsWithoutAdIdSupport */ = {
			isa = XCSwiftPackageProductDependency;
			package = ACFBB85B2B4DE25D0075C975 /* XCRemoteSwiftPackageReference "firebase-ios-sdk" */;
			productName = FirebaseAnalyticsWithoutAdIdSupport;
		};
		ACF7C8202B4DFFD60038CFAC /* FirebaseAppCheck */ = {
			isa = XCSwiftPackageProductDependency;
			package = ACFBB85B2B4DE25D0075C975 /* XCRemoteSwiftPackageReference "firebase-ios-sdk" */;
			productName = FirebaseAppCheck;
		};
		ACF7C8222B4DFFD60038CFAC /* FirebaseAppDistribution-Beta */ = {
			isa = XCSwiftPackageProductDependency;
			package = ACFBB85B2B4DE25D0075C975 /* XCRemoteSwiftPackageReference "firebase-ios-sdk" */;
			productName = "FirebaseAppDistribution-Beta";
		};
		ACF7C8242B4DFFD60038CFAC /* FirebaseAuth */ = {
			isa = XCSwiftPackageProductDependency;
			package = ACFBB85B2B4DE25D0075C975 /* XCRemoteSwiftPackageReference "firebase-ios-sdk" */;
			productName = FirebaseAuth;
		};
		ACF7C8262B4DFFD60038CFAC /* FirebaseAuthCombine-Community */ = {
			isa = XCSwiftPackageProductDependency;
			package = ACFBB85B2B4DE25D0075C975 /* XCRemoteSwiftPackageReference "firebase-ios-sdk" */;
			productName = "FirebaseAuthCombine-Community";
		};
		ACF7C8282B4DFFD60038CFAC /* FirebaseCrashlytics */ = {
			isa = XCSwiftPackageProductDependency;
			package = ACFBB85B2B4DE25D0075C975 /* XCRemoteSwiftPackageReference "firebase-ios-sdk" */;
			productName = FirebaseCrashlytics;
		};
		ACF7C82A2B4DFFD60038CFAC /* FirebaseDatabase */ = {
			isa = XCSwiftPackageProductDependency;
			package = ACFBB85B2B4DE25D0075C975 /* XCRemoteSwiftPackageReference "firebase-ios-sdk" */;
			productName = FirebaseDatabase;
		};
		ACF7C82C2B4DFFD60038CFAC /* FirebaseDatabaseSwift */ = {
			isa = XCSwiftPackageProductDependency;
			package = ACFBB85B2B4DE25D0075C975 /* XCRemoteSwiftPackageReference "firebase-ios-sdk" */;
			productName = FirebaseDatabaseSwift;
		};
		ACF7C82E2B4DFFD60038CFAC /* FirebaseDynamicLinks */ = {
			isa = XCSwiftPackageProductDependency;
			package = ACFBB85B2B4DE25D0075C975 /* XCRemoteSwiftPackageReference "firebase-ios-sdk" */;
			productName = FirebaseDynamicLinks;
		};
		ACF7C8302B4DFFD60038CFAC /* FirebaseFirestore */ = {
			isa = XCSwiftPackageProductDependency;
			package = ACFBB85B2B4DE25D0075C975 /* XCRemoteSwiftPackageReference "firebase-ios-sdk" */;
			productName = FirebaseFirestore;
		};
		ACF7C8322B4DFFD60038CFAC /* FirebaseFirestoreCombine-Community */ = {
			isa = XCSwiftPackageProductDependency;
			package = ACFBB85B2B4DE25D0075C975 /* XCRemoteSwiftPackageReference "firebase-ios-sdk" */;
			productName = "FirebaseFirestoreCombine-Community";
		};
		ACF7C8342B4DFFD60038CFAC /* FirebaseFirestoreSwift */ = {
			isa = XCSwiftPackageProductDependency;
			package = ACFBB85B2B4DE25D0075C975 /* XCRemoteSwiftPackageReference "firebase-ios-sdk" */;
			productName = FirebaseFirestoreSwift;
		};
		ACF7C8362B4DFFD60038CFAC /* FirebaseFunctions */ = {
			isa = XCSwiftPackageProductDependency;
			package = ACFBB85B2B4DE25D0075C975 /* XCRemoteSwiftPackageReference "firebase-ios-sdk" */;
			productName = FirebaseFunctions;
		};
		ACF7C8382B4DFFD60038CFAC /* FirebaseFunctionsCombine-Community */ = {
			isa = XCSwiftPackageProductDependency;
			package = ACFBB85B2B4DE25D0075C975 /* XCRemoteSwiftPackageReference "firebase-ios-sdk" */;
			productName = "FirebaseFunctionsCombine-Community";
		};
		ACF7C83A2B4DFFD60038CFAC /* FirebaseInAppMessaging-Beta */ = {
			isa = XCSwiftPackageProductDependency;
			package = ACFBB85B2B4DE25D0075C975 /* XCRemoteSwiftPackageReference "firebase-ios-sdk" */;
			productName = "FirebaseInAppMessaging-Beta";
		};
		ACF7C83C2B4DFFD60038CFAC /* FirebaseInAppMessagingSwift-Beta */ = {
			isa = XCSwiftPackageProductDependency;
			package = ACFBB85B2B4DE25D0075C975 /* XCRemoteSwiftPackageReference "firebase-ios-sdk" */;
			productName = "FirebaseInAppMessagingSwift-Beta";
		};
		ACF7C83E2B4DFFD60038CFAC /* FirebaseInstallations */ = {
			isa = XCSwiftPackageProductDependency;
			package = ACFBB85B2B4DE25D0075C975 /* XCRemoteSwiftPackageReference "firebase-ios-sdk" */;
			productName = FirebaseInstallations;
		};
		ACF7C8402B4DFFD60038CFAC /* FirebaseMLModelDownloader */ = {
			isa = XCSwiftPackageProductDependency;
			package = ACFBB85B2B4DE25D0075C975 /* XCRemoteSwiftPackageReference "firebase-ios-sdk" */;
			productName = FirebaseMLModelDownloader;
		};
		ACF7C8422B4DFFD60038CFAC /* FirebaseMessaging */ = {
			isa = XCSwiftPackageProductDependency;
			package = ACFBB85B2B4DE25D0075C975 /* XCRemoteSwiftPackageReference "firebase-ios-sdk" */;
			productName = FirebaseMessaging;
		};
		ACF7C8442B4DFFD60038CFAC /* FirebasePerformance */ = {
			isa = XCSwiftPackageProductDependency;
			package = ACFBB85B2B4DE25D0075C975 /* XCRemoteSwiftPackageReference "firebase-ios-sdk" */;
			productName = FirebasePerformance;
		};
		ACF7C8462B4DFFD60038CFAC /* FirebaseRemoteConfig */ = {
			isa = XCSwiftPackageProductDependency;
			package = ACFBB85B2B4DE25D0075C975 /* XCRemoteSwiftPackageReference "firebase-ios-sdk" */;
			productName = FirebaseRemoteConfig;
		};
		ACF7C8482B4DFFD60038CFAC /* FirebaseRemoteConfigSwift */ = {
			isa = XCSwiftPackageProductDependency;
			package = ACFBB85B2B4DE25D0075C975 /* XCRemoteSwiftPackageReference "firebase-ios-sdk" */;
			productName = FirebaseRemoteConfigSwift;
		};
		ACF7C84A2B4DFFD60038CFAC /* FirebaseStorage */ = {
			isa = XCSwiftPackageProductDependency;
			package = ACFBB85B2B4DE25D0075C975 /* XCRemoteSwiftPackageReference "firebase-ios-sdk" */;
			productName = FirebaseStorage;
		};
		ACFBB85C2B4DE25D0075C975 /* FirebaseAnalytics */ = {
			isa = XCSwiftPackageProductDependency;
			package = ACFBB85B2B4DE25D0075C975 /* XCRemoteSwiftPackageReference "firebase-ios-sdk" */;
			productName = FirebaseAnalytics;
		};
		ACFBB85E2B4DE25D0075C975 /* FirebaseAnalyticsOnDeviceConversion */ = {
			isa = XCSwiftPackageProductDependency;
			package = ACFBB85B2B4DE25D0075C975 /* XCRemoteSwiftPackageReference "firebase-ios-sdk" */;
			productName = FirebaseAnalyticsOnDeviceConversion;
		};
		ACFBB8602B4DE25D0075C975 /* FirebaseAnalyticsSwift */ = {
			isa = XCSwiftPackageProductDependency;
			package = ACFBB85B2B4DE25D0075C975 /* XCRemoteSwiftPackageReference "firebase-ios-sdk" */;
			productName = FirebaseAnalyticsSwift;
		};
		ACFBB8622B4DE25D0075C975 /* FirebaseAnalyticsWithoutAdIdSupport */ = {
			isa = XCSwiftPackageProductDependency;
			package = ACFBB85B2B4DE25D0075C975 /* XCRemoteSwiftPackageReference "firebase-ios-sdk" */;
			productName = FirebaseAnalyticsWithoutAdIdSupport;
		};
		ACFBB8642B4DE25D0075C975 /* FirebaseAppCheck */ = {
			isa = XCSwiftPackageProductDependency;
			package = ACFBB85B2B4DE25D0075C975 /* XCRemoteSwiftPackageReference "firebase-ios-sdk" */;
			productName = FirebaseAppCheck;
		};
/* End XCSwiftPackageProductDependency section */
	};
	rootObject = ACFBB8302B4DC3DB0075C975 /* Project object */;
}
